<Solution>
    <Folder Name="/src/">
        <Project Path="src/UnityAssetsPatcher/UnityAssetsPatcher.csproj"/>
        <Project Path="src/UnityAssetsPatcher.Application/UnityAssetsPatcher.Application.csproj"/>
        <Project Path="src/UnityAssetsPatcher.Domain/UnityAssetsPatcher.Domain.csproj"/>
        <Project Path="src/UnityAssetsPatcher.GUI/UnityAssetsPatcher.GUI.csproj"/>
        <Project Path="src/UnityAssetsPatcher.Infrastructure/UnityAssetsPatcher.Infrastructure.csproj"/>
    </Folder>
    <Folder Name="/tests/">
        <Project Path="tests/UnityAssetsPatcher.Application.Tests/UnityAssetsPatcher.Application.Tests.csproj"/>
        <Project Path="tests/UnityAssetsPatcher.Domain.Tests/UnityAssetsPatcher.Domain.Tests.csproj"/>
        <Project Path="tests/UnityAssetsPatcher.Infrastructure.Tests/UnityAssetsPatcher.Infrastructure.Tests.csproj"/>
    </Folder>
</Solution>
