<Solution>
    <Configurations>
        <Platform Name="Any CPU"/>
        <Platform Name="x64"/>
        <Platform Name="x86"/>
    </Configurations>
    <Folder Name="/src/">
        <Project Path="src/UnityAssetsPatcher.Application/UnityAssetsPatcher.Application.csproj"/>
        <Project Path="src/UnityAssetsPatcher.AssetsTools/UnityAssetsPatcher.AssetsTools.csproj"/>
        <Project Path="src/UnityAssetsPatcher.CLI/UnityAssetsPatcher.CLI.csproj"/>
        <Project Path="src/UnityAssetsPatcher.LocalizationGenerator/UnityAssetsPatcher.LocalizationGenerator.csproj"/>
        <Project Path="src/UnityAssetsPatcher.TUI/UnityAssetsPatcher.TUI.csproj"/>
        <Project Path="src/UnityAssetsPatcher/UnityAssetsPatcher.csproj"/>
    </Folder>
    <Folder Name="/tests/">
        <Project Path="tests/UnityAssetsPatcher.Tests/UnityAssetsPatcher.Tests.csproj"/>
    </Folder>
</Solution>
